// !$*UTF8*$!
{
	archiveVersion = 1;
	classes = {
	};
	objectVersion = 48;
	objects = {

/* Begin PBXBuildFile section */
		F66188AC1F4BB86E00B8E631 /* AppDelegate.swift in Sources */ = {isa = PBXBuildFile; fileRef = F66188AB1F4BB86E00B8E631 /* AppDelegate.swift */; };
		F66188AE1F4BB86E00B8E631 /* MapVC.swift in Sources */ = {isa = PBXBuildFile; fileRef = F66188AD1F4BB86E00B8E631 /* MapVC.swift */; };
		F66188B11F4BB86E00B8E631 /* Main.storyboard in Resources */ = {isa = PBXBuildFile; fileRef = F66188AF1F4BB86E00B8E631 /* Main.storyboard */; };
		F66188B31F4BB86E00B8E631 /* Assets.xcassets in Resources */ = {isa = PBXBuildFile; fileRef = F66188B21F4BB86E00B8E631 /* Assets.xcassets */; };
		F66188B61F4BB86E00B8E631 /* LaunchScreen.storyboard in Resources */ = {isa = PBXBuildFile; fileRef = F66188B41F4BB86E00B8E631 /* LaunchScreen.storyboard */; };
		F672F4891F550A2A007A1E47 /* DropabblePin.swift in Sources */ = {isa = PBXBuildFile; fileRef = F672F4881F550A2A007A1E47 /* DropabblePin.swift */; };
		FA42771AC4EF29A5526C85F0 /* Pods_pixel_city.framework in Frameworks */ = {isa = PBXBuildFile; fileRef = A60D27F9EDF6504B7FB7FCA8 /* Pods_pixel_city.framework */; };
/* End PBXBuildFile section */

/* Begin PBXFileReference section */
		A60D27F9EDF6504B7FB7FCA8 /* Pods_pixel_city.framework */ = {isa = PBXFileReference; explicitFileType = wrapper.framework; includeInIndex = 0; path = Pods_pixel_city.framework; sourceTree = BUILT_PRODUCTS_DIR; };
		C0B962EA1B3AE4E85F1246F6 /* Pods-pixel-city.release.xcconfig */ = {isa = PBXFileReference; includeInIndex = 1; lastKnownFileType = text.xcconfig; name = "Pods-pixel-city.release.xcconfig"; path = "Pods/Target Support Files/Pods-pixel-city/Pods-pixel-city.release.xcconfig"; sourceTree = "<group>"; };
		CB56E67C012F819629E57FBA /* Pods-pixel-city.debug.xcconfig */ = {isa = PBXFileReference; includeInIndex = 1; lastKnownFileType = text.xcconfig; name = "Pods-pixel-city.debug.xcconfig"; path = "Pods/Target Support Files/Pods-pixel-city/Pods-pixel-city.debug.xcconfig"; sourceTree = "<group>"; };
		F66188A81F4BB86E00B8E631 /* pixel-city.app */ = {isa = PBXFileReference; explicitFileType = wrapper.application; includeInIndex = 0; path = "pixel-city.app"; sourceTree = BUILT_PRODUCTS_DIR; };
		F66188AB1F4BB86E00B8E631 /* AppDelegate.swift */ = {isa = PBXFileReference; lastKnownFileType = sourcecode.swift; path = AppDelegate.swift; sourceTree = "<group>"; };
		F66188AD1F4BB86E00B8E631 /* MapVC.swift */ = {isa = PBXFileReference; lastKnownFileType = sourcecode.swift; path = MapVC.swift; sourceTree = "<group>"; };
		F66188B01F4BB86E00B8E631 /* Base */ = {isa = PBXFileReference; lastKnownFileType = file.storyboard; name = Base; path = Base.lproj/Main.storyboard; sourceTree = "<group>"; };
		F66188B21F4BB86E00B8E631 /* Assets.xcassets */ = {isa = PBXFileReference; lastKnownFileType = folder.assetcatalog; path = Assets.xcassets; sourceTree = "<group>"; };
		F66188B51F4BB86E00B8E631 /* Base */ = {isa = PBXFileReference; lastKnownFileType = file.storyboard; name = Base; path = Base.lproj/LaunchScreen.storyboard; sourceTree = "<group>"; };
		F66188B71F4BB86E00B8E631 /* Info.plist */ = {isa = PBXFileReference; lastKnownFileType = text.plist.xml; path = Info.plist; sourceTree = "<group>"; };
		F672F4881F550A2A007A1E47 /* DropabblePin.swift */ = {isa = PBXFileReference; lastKnownFileType = sourcecode.swift; path = DropabblePin.swift; sourceTree = "<group>"; };
/* End PBXFileReference section */

/* Begin PBXFrameworksBuildPhase section */
		F66188A51F4BB86E00B8E631 /* Frameworks */ = {
			isa = PBXFrameworksBuildPhase;
			buildActionMask = 2147483647;
			files = (
				FA42771AC4EF29A5526C85F0 /* Pods_pixel_city.framework in Frameworks */,
			);
			runOnlyForDeploymentPostprocessing = 0;
		};
/* End PBXFrameworksBuildPhase section */

/* Begin PBXGroup section */
		00806707721DDC3807DBE2B2 /* Pods */ = {
			isa = PBXGroup;
			children = (
				CB56E67C012F819629E57FBA /* Pods-pixel-city.debug.xcconfig */,
				C0B962EA1B3AE4E85F1246F6 /* Pods-pixel-city.release.xcconfig */,
			);
			name = Pods;
			sourceTree = "<group>";
		};
		C1B12B9970DBA6E0CFF5B05E /* Frameworks */ = {
			isa = PBXGroup;
			children = (
				A60D27F9EDF6504B7FB7FCA8 /* Pods_pixel_city.framework */,
			);
			name = Frameworks;
			sourceTree = "<group>";
		};
		F661889F1F4BB86E00B8E631 = {
			isa = PBXGroup;
			children = (
				F66188AA1F4BB86E00B8E631 /* pixel-city */,
				F66188A91F4BB86E00B8E631 /* Products */,
				00806707721DDC3807DBE2B2 /* Pods */,
				C1B12B9970DBA6E0CFF5B05E /* Frameworks */,
			);
			sourceTree = "<group>";
		};
		F66188A91F4BB86E00B8E631 /* Products */ = {
			isa = PBXGroup;
			children = (
				F66188A81F4BB86E00B8E631 /* pixel-city.app */,
			);
			name = Products;
			sourceTree = "<group>";
		};
		F66188AA1F4BB86E00B8E631 /* pixel-city */ = {
			isa = PBXGroup;
			children = (
				F66188C01F4BB98200B8E631 /* Utilities */,
				F66188BF1F4BB97000B8E631 /* Extensions */,
				F66188BE1F4BB96600B8E631 /* View */,
				F66188BD1F4BB95900B8E631 /* Controller */,
				F66188AB1F4BB86E00B8E631 /* AppDelegate.swift */,
				F66188AF1F4BB86E00B8E631 /* Main.storyboard */,
				F66188B21F4BB86E00B8E631 /* Assets.xcassets */,
				F66188B41F4BB86E00B8E631 /* LaunchScreen.storyboard */,
				F66188B71F4BB86E00B8E631 /* Info.plist */,
			);
			path = "pixel-city";
			sourceTree = "<group>";
		};
		F66188BD1F4BB95900B8E631 /* Controller */ = {
			isa = PBXGroup;
			children = (
				F66188AD1F4BB86E00B8E631 /* MapVC.swift */,
			);
			path = Controller;
			sourceTree = "<group>";
		};
		F66188BE1F4BB96600B8E631 /* View */ = {
			isa = PBXGroup;
			children = (
				F672F4881F550A2A007A1E47 /* DropabblePin.swift */,
			);
			path = View;
			sourceTree = "<group>";
		};
		F66188BF1F4BB97000B8E631 /* Extensions */ = {
			isa = PBXGroup;
			children = (
			);
			path = Extensions;
			sourceTree = "<group>";
		};
		F66188C01F4BB98200B8E631 /* Utilities */ = {
			isa = PBXGroup;
			children = (
			);
			path = Utilities;
			sourceTree = "<group>";
		};
/* End PBXGroup section */

/* Begin PBXNativeTarget section */
		F66188A71F4BB86E00B8E631 /* pixel-city */ = {
			isa = PBXNativeTarget;
			buildConfigurationList = F66188BA1F4BB86E00B8E631 /* Build configuration list for PBXNativeTarget "pixel-city" */;
			buildPhases = (
				F17D84E4D7271B12A38E6490 /* [CP] Check Pods Manifest.lock */,
				F66188A41F4BB86E00B8E631 /* Sources */,
				F66188A51F4BB86E00B8E631 /* Frameworks */,
				F66188A61F4BB86E00B8E631 /* Resources */,
				E138D8D950568AFD5238CCA0 /* [CP] Embed Pods Frameworks */,
				C07D864E23FF5494F84D55C6 /* [CP] Copy Pods Resources */,
			);
			buildRules = (
			);
			dependencies = (
			);
			name = "pixel-city";
			productName = "pixel-city";
			productReference = F66188A81F4BB86E00B8E631 /* pixel-city.app */;
			productType = "com.apple.product-type.application";
		};
/* End PBXNativeTarget section */

/* Begin PBXProject section */
		F66188A01F4BB86E00B8E631 /* Project object */ = {
			isa = PBXProject;
			attributes = {
				LastSwiftUpdateCheck = 0900;
				LastUpgradeCheck = 0900;
				ORGANIZATIONNAME = "Ricardo Herrera Petit";
				TargetAttributes = {
					F66188A71F4BB86E00B8E631 = {
						CreatedOnToolsVersion = 9.0;
					};
				};
			};
			buildConfigurationList = F66188A31F4BB86E00B8E631 /* Build configuration list for PBXProject "pixel-city" */;
			compatibilityVersion = "Xcode 8.0";
			developmentRegion = en;
			hasScannedForEncodings = 0;
			knownRegions = (
				en,
				Base,
			);
			mainGroup = F661889F1F4BB86E00B8E631;
			productRefGroup = F66188A91F4BB86E00B8E631 /* Products */;
			projectDirPath = "";
			projectRoot = "";
			targets = (
				F66188A71F4BB86E00B8E631 /* pixel-city */,
			);
		};
/* End PBXProject section */

/* Begin PBXResourcesBuildPhase section */
		F66188A61F4BB86E00B8E631 /* Resources */ = {
			isa = PBXResourcesBuildPhase;
			buildActionMask = 2147483647;
			files = (
				F66188B61F4BB86E00B8E631 /* LaunchScreen.storyboard in Resources */,
				F66188B31F4BB86E00B8E631 /* Assets.xcassets in Resources */,
				F66188B11F4BB86E00B8E631 /* Main.storyboard in Resources */,
			);
			runOnlyForDeploymentPostprocessing = 0;
		};
/* End PBXResourcesBuildPhase section */

/* Begin PBXShellScriptBuildPhase section */
		C07D864E23FF5494F84D55C6 /* [CP] Copy Pods Resources */ = {
			isa = PBXShellScriptBuildPhase;
			buildActionMask = 2147483647;
			files = (
			);
			inputPaths = (
			);
			name = "[CP] Copy Pods Resources";
			outputPaths = (
			);
			runOnlyForDeploymentPostprocessing = 0;
			shellPath = /bin/sh;
			shellScript = "\"${SRCROOT}/Pods/Target Support Files/Pods-pixel-city/Pods-pixel-city-resources.sh\"\n";
			showEnvVarsInLog = 0;
		};
		E138D8D950568AFD5238CCA0 /* [CP] Embed Pods Frameworks */ = {
			isa = PBXShellScriptBuildPhase;
			buildActionMask = 2147483647;
			files = (
			);
			inputPaths = (
			);
			name = "[CP] Embed Pods Frameworks";
			outputPaths = (
			);
			runOnlyForDeploymentPostprocessing = 0;
			shellPath = /bin/sh;
			shellScript = "\"${SRCROOT}/Pods/Target Support Files/Pods-pixel-city/Pods-pixel-city-frameworks.sh\"\n";
			showEnvVarsInLog = 0;
		};
		F17D84E4D7271B12A38E6490 /* [CP] Check Pods Manifest.lock */ = {
			isa = PBXShellScriptBuildPhase;
			buildActionMask = 2147483647;
			files = (
			);
			inputPaths = (
			);
			name = "[CP] Check Pods Manifest.lock";
			outputPaths = (
			);
			runOnlyForDeploymentPostprocessing = 0;
			shellPath = /bin/sh;
			shellScript = "diff \"${PODS_PODFILE_DIR_PATH}/Podfile.lock\" \"${PODS_ROOT}/Manifest.lock\" > /dev/null\nif [ $? != 0 ] ; then\n    # print error to STDERR\n    echo \"error: The sandbox is not in sync with the Podfile.lock. Run 'pod install' or update your CocoaPods installation.\" >&2\n    exit 1\nfi\n";
			showEnvVarsInLog = 0;
		};
/* End PBXShellScriptBuildPhase section */

/* Begin PBXSourcesBuildPhase section */
		F66188A41F4BB86E00B8E631 /* Sources */ = {
			isa = PBXSourcesBuildPhase;
			buildActionMask = 2147483647;
			files = (
				F66188AE1F4BB86E00B8E631 /* MapVC.swift in Sources */,
				F672F4891F550A2A007A1E47 /* DropabblePin.swift in Sources */,
				F66188AC1F4BB86E00B8E631 /* AppDelegate.swift in Sources */,
			);
			runOnlyForDeploymentPostprocessing = 0;
		};
/* End PBXSourcesBuildPhase section */

/* Begin PBXVariantGroup section */
		F66188AF1F4BB86E00B8E631 /* Main.storyboard */ = {
			isa = PBXVariantGroup;
			children = (
				F66188B01F4BB86E00B8E631 /* Base */,
			);
			name = Main.storyboard;
			sourceTree = "<group>";
		};
		F66188B41F4BB86E00B8E631 /* LaunchScreen.storyboard */ = {
			isa = PBXVariantGroup;
			children = (
				F66188B51F4BB86E00B8E631 /* Base */,
			);
			name = LaunchScreen.storyboard;
			sourceTree = "<group>";
		};
/* End PBXVariantGroup section */

/* Begin XCBuildConfiguration section */
		F66188B81F4BB86E00B8E631 /* Debug */ = {
			isa = XCBuildConfiguration;
			buildSettings = {
				ALWAYS_SEARCH_USER_PATHS = NO;
				CLANG_ANALYZER_NONNULL = YES;
				CLANG_ANALYZER_NUMBER_OBJECT_CONVERSION = YES_AGGRESSIVE;
				CLANG_CXX_LANGUAGE_STANDARD = "gnu++14";
				CLANG_CXX_LIBRARY = "libc++";
				CLANG_ENABLE_MODULES = YES;
				CLANG_ENABLE_OBJC_ARC = YES;
				CLANG_WARN_BLOCK_CAPTURE_AUTORELEASING = YES;
				CLANG_WARN_BOOL_CONVERSION = YES;
				CLANG_WARN_COMMA = YES;
				CLANG_WARN_CONSTANT_CONVERSION = YES;
				CLANG_WARN_DIRECT_OBJC_ISA_USAGE = YES_ERROR;
				CLANG_WARN_DOCUMENTATION_COMMENTS = YES;
				CLANG_WARN_EMPTY_BODY = YES;
				CLANG_WARN_ENUM_CONVERSION = YES;
				CLANG_WARN_INFINITE_RECURSION = YES;
				CLANG_WARN_INT_CONVERSION = YES;
				CLANG_WARN_NON_LITERAL_NULL_CONVERSION = YES;
				CLANG_WARN_OBJC_LITERAL_CONVERSION = YES;
				CLANG_WARN_OBJC_ROOT_CLASS = YES_ERROR;
				CLANG_WARN_RANGE_LOOP_ANALYSIS = YES;
				CLANG_WARN_STRICT_PROTOTYPES = YES;
				CLANG_WARN_SUSPICIOUS_MOVE = YES;
				CLANG_WARN_UNGUARDED_AVAILABILITY = YES_AGGRESSIVE;
				CLANG_WARN_UNREACHABLE_CODE = YES;
				CLANG_WARN__DUPLICATE_METHOD_MATCH = YES;
				CODE_SIGN_IDENTITY = "iPhone Developer";
				COPY_PHASE_STRIP = NO;
				DEBUG_INFORMATION_FORMAT = dwarf;
				ENABLE_STRICT_OBJC_MSGSEND = YES;
				ENABLE_TESTABILITY = YES;
				GCC_C_LANGUAGE_STANDARD = gnu11;
				GCC_DYNAMIC_NO_PIC = NO;
				GCC_NO_COMMON_BLOCKS = YES;
				GCC_OPTIMIZATION_LEVEL = 0;
				GCC_PREPROCESSOR_DEFINITIONS = (
					"DEBUG=1",
					"$(inherited)",
				);
				GCC_WARN_64_TO_32_BIT_CONVERSION = YES;
				GCC_WARN_ABOUT_RETURN_TYPE = YES_ERROR;
				GCC_WARN_UNDECLARED_SELECTOR = YES;
				GCC_WARN_UNINITIALIZED_AUTOS = YES_AGGRESSIVE;
				GCC_WARN_UNUSED_FUNCTION = YES;
				GCC_WARN_UNUSED_VARIABLE = YES;
				IPHONEOS_DEPLOYMENT_TARGET = 11.0;
				MTL_ENABLE_DEBUG_INFO = YES;
				ONLY_ACTIVE_ARCH = YES;
				SDKROOT = iphoneos;
				SWIFT_ACTIVE_COMPILATION_CONDITIONS = DEBUG;
				SWIFT_OPTIMIZATION_LEVEL = "-Onone";
			};
			name = Debug;
		};
		F66188B91F4BB86E00B8E631 /* Release */ = {
			isa = XCBuildConfiguration;
			buildSettings = {
				ALWAYS_SEARCH_USER_PATHS = NO;
				CLANG_ANALYZER_NONNULL = YES;
				CLANG_ANALYZER_NUMBER_OBJECT_CONVERSION = YES_AGGRESSIVE;
				CLANG_CXX_LANGUAGE_STANDARD = "gnu++14";
				CLANG_CXX_LIBRARY = "libc++";
				CLANG_ENABLE_MODULES = YES;
				CLANG_ENABLE_OBJC_ARC = YES;
				CLANG_WARN_BLOCK_CAPTURE_AUTORELEASING = YES;
				CLANG_WARN_BOOL_CONVERSION = YES;
				CLANG_WARN_COMMA = YES;
				CLANG_WARN_CONSTANT_CONVERSION = YES;
				CLANG_WARN_DIRECT_OBJC_ISA_USAGE = YES_ERROR;
				CLANG_WARN_DOCUMENTATION_COMMENTS = YES;
				CLANG_WARN_EMPTY_BODY = YES;
				CLANG_WARN_ENUM_CONVERSION = YES;
				CLANG_WARN_INFINITE_RECURSION = YES;
				CLANG_WARN_INT_CONVERSION = YES;
				CLANG_WARN_NON_LITERAL_NULL_CONVERSION = YES;
				CLANG_WARN_OBJC_LITERAL_CONVERSION = YES;
				CLANG_WARN_OBJC_ROOT_CLASS = YES_ERROR;
				CLANG_WARN_RANGE_LOOP_ANALYSIS = YES;
				CLANG_WARN_STRICT_PROTOTYPES = YES;
				CLANG_WARN_SUSPICIOUS_MOVE = YES;
				CLANG_WARN_UNGUARDED_AVAILABILITY = YES_AGGRESSIVE;
				CLANG_WARN_UNREACHABLE_CODE = YES;
				CLANG_WARN__DUPLICATE_METHOD_MATCH = YES;
				CODE_SIGN_IDENTITY = "iPhone Developer";
				COPY_PHASE_STRIP = NO;
				DEBUG_INFORMATION_FORMAT = "dwarf-with-dsym";
				ENABLE_NS_ASSERTIONS = NO;
				ENABLE_STRICT_OBJC_MSGSEND = YES;
				GCC_C_LANGUAGE_STANDARD = gnu11;
				GCC_NO_COMMON_BLOCKS = YES;
				GCC_WARN_64_TO_32_BIT_CONVERSION = YES;
				GCC_WARN_ABOUT_RETURN_TYPE = YES_ERROR;
				GCC_WARN_UNDECLARED_SELECTOR = YES;
				GCC_WARN_UNINITIALIZED_AUTOS = YES_AGGRESSIVE;
				GCC_WARN_UNUSED_FUNCTION = YES;
				GCC_WARN_UNUSED_VARIABLE = YES;
				IPHONEOS_DEPLOYMENT_TARGET = 11.0;
				MTL_ENABLE_DEBUG_INFO = NO;
				SDKROOT = iphoneos;
				SWIFT_OPTIMIZATION_LEVEL = "-Owholemodule";
				VALIDATE_PRODUCT = YES;
			};
			name = Release;
		};
		F66188BB1F4BB86E00B8E631 /* Debug */ = {
			isa = XCBuildConfiguration;
			baseConfigurationReference = CB56E67C012F819629E57FBA /* Pods-pixel-city.debug.xcconfig */;
			buildSettings = {
				ASSETCATALOG_COMPILER_APPICON_NAME = AppIcon;
				DEVELOPMENT_TEAM = AMLYNCKP6M;
				INFOPLIST_FILE = "pixel-city/Info.plist";
				LD_RUNPATH_SEARCH_PATHS = "$(inherited) @executable_path/Frameworks";
				PRODUCT_BUNDLE_IDENTIFIER = "petitcoding.com.pixel-city";
				PRODUCT_NAME = "$(TARGET_NAME)";
				SWIFT_VERSION = 4.0;
				TARGETED_DEVICE_FAMILY = "1,2";
			};
			name = Debug;
		};
		F66188BC1F4BB86E00B8E631 /* Release */ = {
			isa = XCBuildConfiguration;
			baseConfigurationReference = C0B962EA1B3AE4E85F1246F6 /* Pods-pixel-city.release.xcconfig */;
			buildSettings = {
				ASSETCATALOG_COMPILER_APPICON_NAME = AppIcon;
				DEVELOPMENT_TEAM = AMLYNCKP6M;
				INFOPLIST_FILE = "pixel-city/Info.plist";
				LD_RUNPATH_SEARCH_PATHS = "$(inherited) @executable_path/Frameworks";
				PRODUCT_BUNDLE_IDENTIFIER = "petitcoding.com.pixel-city";
				PRODUCT_NAME = "$(TARGET_NAME)";
				SWIFT_VERSION = 4.0;
				TARGETED_DEVICE_FAMILY = "1,2";
			};
			name = Release;
		};
/* End XCBuildConfiguration section */

/* Begin XCConfigurationList section */
		F66188A31F4BB86E00B8E631 /* Build configuration list for PBXProject "pixel-city" */ = {
			isa = XCConfigurationList;
			buildConfigurations = (
				F66188B81F4BB86E00B8E631 /* Debug */,
				F66188B91F4BB86E00B8E631 /* Release */,
			);
			defaultConfigurationIsVisible = 0;
			defaultConfigurationName = Release;
		};
		F66188BA1F4BB86E00B8E631 /* Build configuration list for PBXNativeTarget "pixel-city" */ = {
			isa = XCConfigurationList;
			buildConfigurations = (
				F66188BB1F4BB86E00B8E631 /* Debug */,
				F66188BC1F4BB86E00B8E631 /* Release */,
			);
			defaultConfigurationIsVisible = 0;
			defaultConfigurationName = Release;
		};
/* End XCConfigurationList section */
	};
	rootObject = F66188A01F4BB86E00B8E631 /* Project object */;
}
